
Microsoft Visual Studio Solution File, Format Version 12.00
# Visual Studio 2013
VisualStudioVersion = 12.0.31101.0
MinimumVisualStudioVersion = 10.0.40219.1
Project("{D954291E-2A0B-460D-934E-DC6B0785DB48}") = "RedScooby.Core", "src\RedScooby.Core\RedScooby.Core.shproj", "{39AECF47-DED9-4A42-80C6-36EAD1D6FD50}"
EndProject
Project("{FAE04EC0-301F-11D3-BF4B-00C04F79EFBC}") = "RedScooby.WindowsPhone", "src\RedScooby.WindowsPhone\RedScooby.WindowsPhone.csproj", "{E1925F4E-6621-4B88-80B6-6A9FB6BA9C2E}"
	ProjectSection(ProjectDependencies) = postProject
		{D020FA84-F787-4096-A287-81010C5A8A65} = {D020FA84-F787-4096-A287-81010C5A8A65}
		{AD29B99E-BB66-41B9-BC2C-6396D3A62926} = {AD29B99E-BB66-41B9-BC2C-6396D3A62926}
	EndProjectSection
EndProject
Project("{FAE04EC0-301F-11D3-BF4B-00C04F79EFBC}") = "RedScooby.Common", "src\RedScooby.Common\RedScooby.Common.csproj", "{B9B5FC43-2312-4761-A9C7-79E1D3613760}"
EndProject
Project("{2150E333-8FDC-42A3-9474-1A3956D46DE8}") = "src", "src", "{3645E7A8-8139-4357-BD14-39F9559754D6}"
EndProject
Project("{2150E333-8FDC-42A3-9474-1A3956D46DE8}") = ".nuget", ".nuget", "{7114CB68-D4CA-42EB-82EF-87A912108F60}"
	ProjectSection(SolutionItems) = preProject
		.nuget\packages.config = .nuget\packages.config
	EndProjectSection
EndProject
Project("{2150E333-8FDC-42A3-9474-1A3956D46DE8}") = "Shared", "Shared", "{25A781D8-AD81-4960-8752-93223C0059F4}"
EndProject
Project("{2150E333-8FDC-42A3-9474-1A3956D46DE8}") = "Solution Items", "Solution Items", "{6E8679CA-7189-41D7-A752-AE63A77A3CD1}"
	ProjectSection(SolutionItems) = preProject
		Notes.txt = Notes.txt
		README.md = README.md
	EndProjectSection
EndProject
Project("{2150E333-8FDC-42A3-9474-1A3956D46DE8}") = "WindowsPhone", "WindowsPhone", "{5CA45A77-EB8D-4AE9-87D9-632A632BA7DE}"
EndProject
Project("{FAE04EC0-301F-11D3-BF4B-00C04F79EFBC}") = "RedScooby.WindowsPhone.Protected", "src\RedScooby.WindowsPhone\Protected\RedScooby.WindowsPhone.Protected\RedScooby.WindowsPhone.Protected.csproj", "{AD29B99E-BB66-41B9-BC2C-6396D3A62926}"
EndProject
Project("{FAE04EC0-301F-11D3-BF4B-00C04F79EFBC}") = "RedScooby.WindowsPhone.RuntimeComponents", "src\RedScooby.WindowsPhone\RuntimeComponents\RedScooby.WindowsPhone.RuntimeComponents\RedScooby.WindowsPhone.RuntimeComponents.csproj", "{D020FA84-F787-4096-A287-81010C5A8A65}"
EndProject
Global
	GlobalSection(SharedMSBuildProjectFiles) = preSolution
		src\RedScooby.Core\RedScooby.Core.projitems*{39aecf47-ded9-4a42-80c6-36ead1d6fd50}*SharedItemsImports = 13
		src\RedScooby.Core\RedScooby.Core.projitems*{e1925f4e-6621-4b88-80b6-6a9fb6ba9c2e}*SharedItemsImports = 4
	EndGlobalSection
	GlobalSection(SolutionConfigurationPlatforms) = preSolution
		Debug|Any CPU = Debug|Any CPU
		Debug|ARM = Debug|ARM
		Debug|x86 = Debug|x86
		OSS|Any CPU = OSS|Any CPU
		OSS|ARM = OSS|ARM
		OSS|x86 = OSS|x86
		Release|Any CPU = Release|Any CPU
		Release|ARM = Release|ARM
		Release|x86 = Release|x86
	EndGlobalSection
	GlobalSection(ProjectConfigurationPlatforms) = postSolution
		{E1925F4E-6621-4B88-80B6-6A9FB6BA9C2E}.Debug|Any CPU.ActiveCfg = Debug|Any CPU
		{E1925F4E-6621-4B88-80B6-6A9FB6BA9C2E}.Debug|Any CPU.Build.0 = Debug|Any CPU
		{E1925F4E-6621-4B88-80B6-6A9FB6BA9C2E}.Debug|Any CPU.Deploy.0 = Debug|Any CPU
		{E1925F4E-6621-4B88-80B6-6A9FB6BA9C2E}.Debug|ARM.ActiveCfg = Debug|ARM
		{E1925F4E-6621-4B88-80B6-6A9FB6BA9C2E}.Debug|ARM.Build.0 = Debug|ARM
		{E1925F4E-6621-4B88-80B6-6A9FB6BA9C2E}.Debug|ARM.Deploy.0 = Debug|ARM
		{E1925F4E-6621-4B88-80B6-6A9FB6BA9C2E}.Debug|x86.ActiveCfg = Debug|x86
		{E1925F4E-6621-4B88-80B6-6A9FB6BA9C2E}.Debug|x86.Build.0 = Debug|x86
		{E1925F4E-6621-4B88-80B6-6A9FB6BA9C2E}.Debug|x86.Deploy.0 = Debug|x86
		{E1925F4E-6621-4B88-80B6-6A9FB6BA9C2E}.OSS|Any CPU.ActiveCfg = OSS|Any CPU
		{E1925F4E-6621-4B88-80B6-6A9FB6BA9C2E}.OSS|Any CPU.Build.0 = OSS|Any CPU
		{E1925F4E-6621-4B88-80B6-6A9FB6BA9C2E}.OSS|Any CPU.Deploy.0 = OSS|Any CPU
		{E1925F4E-6621-4B88-80B6-6A9FB6BA9C2E}.OSS|ARM.ActiveCfg = OSS|ARM
		{E1925F4E-6621-4B88-80B6-6A9FB6BA9C2E}.OSS|ARM.Build.0 = OSS|ARM
		{E1925F4E-6621-4B88-80B6-6A9FB6BA9C2E}.OSS|ARM.Deploy.0 = OSS|ARM
		{E1925F4E-6621-4B88-80B6-6A9FB6BA9C2E}.OSS|x86.ActiveCfg = OSS|x86
		{E1925F4E-6621-4B88-80B6-6A9FB6BA9C2E}.OSS|x86.Build.0 = OSS|x86
		{E1925F4E-6621-4B88-80B6-6A9FB6BA9C2E}.OSS|x86.Deploy.0 = OSS|x86
		{E1925F4E-6621-4B88-80B6-6A9FB6BA9C2E}.Release|Any CPU.ActiveCfg = Release|Any CPU
		{E1925F4E-6621-4B88-80B6-6A9FB6BA9C2E}.Release|Any CPU.Build.0 = Release|Any CPU
		{E1925F4E-6621-4B88-80B6-6A9FB6BA9C2E}.Release|Any CPU.Deploy.0 = Release|Any CPU
		{E1925F4E-6621-4B88-80B6-6A9FB6BA9C2E}.Release|ARM.ActiveCfg = Release|ARM
		{E1925F4E-6621-4B88-80B6-6A9FB6BA9C2E}.Release|ARM.Build.0 = Release|ARM
		{E1925F4E-6621-4B88-80B6-6A9FB6BA9C2E}.Release|ARM.Deploy.0 = Release|ARM
		{E1925F4E-6621-4B88-80B6-6A9FB6BA9C2E}.Release|x86.ActiveCfg = Release|x86
		{E1925F4E-6621-4B88-80B6-6A9FB6BA9C2E}.Release|x86.Build.0 = Release|x86
		{E1925F4E-6621-4B88-80B6-6A9FB6BA9C2E}.Release|x86.Deploy.0 = Release|x86
		{B9B5FC43-2312-4761-A9C7-79E1D3613760}.Debug|Any CPU.ActiveCfg = Debug|Any CPU
		{B9B5FC43-2312-4761-A9C7-79E1D3613760}.Debug|Any CPU.Build.0 = Debug|Any CPU
		{B9B5FC43-2312-4761-A9C7-79E1D3613760}.Debug|ARM.ActiveCfg = Debug|Any CPU
		{B9B5FC43-2312-4761-A9C7-79E1D3613760}.Debug|ARM.Build.0 = Debug|Any CPU
		{B9B5FC43-2312-4761-A9C7-79E1D3613760}.Debug|x86.ActiveCfg = Debug|Any CPU
		{B9B5FC43-2312-4761-A9C7-79E1D3613760}.Debug|x86.Build.0 = Debug|Any CPU
		{B9B5FC43-2312-4761-A9C7-79E1D3613760}.OSS|Any CPU.ActiveCfg = OSS|Any CPU
		{B9B5FC43-2312-4761-A9C7-79E1D3613760}.OSS|Any CPU.Build.0 = OSS|Any CPU
		{B9B5FC43-2312-4761-A9C7-79E1D3613760}.OSS|ARM.ActiveCfg = OSS|Any CPU
		{B9B5FC43-2312-4761-A9C7-79E1D3613760}.OSS|ARM.Build.0 = OSS|Any CPU
		{B9B5FC43-2312-4761-A9C7-79E1D3613760}.OSS|x86.ActiveCfg = OSS|Any CPU
		{B9B5FC43-2312-4761-A9C7-79E1D3613760}.OSS|x86.Build.0 = OSS|Any CPU
		{B9B5FC43-2312-4761-A9C7-79E1D3613760}.Release|Any CPU.ActiveCfg = Release|Any CPU
		{B9B5FC43-2312-4761-A9C7-79E1D3613760}.Release|Any CPU.Build.0 = Release|Any CPU
		{B9B5FC43-2312-4761-A9C7-79E1D3613760}.Release|ARM.ActiveCfg = Release|Any CPU
		{B9B5FC43-2312-4761-A9C7-79E1D3613760}.Release|ARM.Build.0 = Release|Any CPU
		{B9B5FC43-2312-4761-A9C7-79E1D3613760}.Release|x86.ActiveCfg = Release|Any CPU
		{B9B5FC43-2312-4761-A9C7-79E1D3613760}.Release|x86.Build.0 = Release|Any CPU
		{AD29B99E-BB66-41B9-BC2C-6396D3A62926}.Debug|Any CPU.ActiveCfg = Debug|Any CPU
		{AD29B99E-BB66-41B9-BC2C-6396D3A62926}.Debug|Any CPU.Build.0 = Debug|Any CPU
		{AD29B99E-BB66-41B9-BC2C-6396D3A62926}.Debug|ARM.ActiveCfg = Debug|Any CPU
		{AD29B99E-BB66-41B9-BC2C-6396D3A62926}.Debug|ARM.Build.0 = Debug|Any CPU
		{AD29B99E-BB66-41B9-BC2C-6396D3A62926}.Debug|x86.ActiveCfg = Debug|Any CPU
		{AD29B99E-BB66-41B9-BC2C-6396D3A62926}.Debug|x86.Build.0 = Debug|Any CPU
		{AD29B99E-BB66-41B9-BC2C-6396D3A62926}.OSS|Any CPU.ActiveCfg = OSS|Any CPU
		{AD29B99E-BB66-41B9-BC2C-6396D3A62926}.OSS|Any CPU.Build.0 = OSS|Any CPU
		{AD29B99E-BB66-41B9-BC2C-6396D3A62926}.OSS|ARM.ActiveCfg = OSS|Any CPU
		{AD29B99E-BB66-41B9-BC2C-6396D3A62926}.OSS|ARM.Build.0 = OSS|Any CPU
		{AD29B99E-BB66-41B9-BC2C-6396D3A62926}.OSS|x86.ActiveCfg = OSS|Any CPU
		{AD29B99E-BB66-41B9-BC2C-6396D3A62926}.OSS|x86.Build.0 = OSS|Any CPU
		{AD29B99E-BB66-41B9-BC2C-6396D3A62926}.Release|Any CPU.ActiveCfg = Release|Any CPU
		{AD29B99E-BB66-41B9-BC2C-6396D3A62926}.Release|Any CPU.Build.0 = Release|Any CPU
		{AD29B99E-BB66-41B9-BC2C-6396D3A62926}.Release|ARM.ActiveCfg = Release|Any CPU
		{AD29B99E-BB66-41B9-BC2C-6396D3A62926}.Release|ARM.Build.0 = Release|Any CPU
		{AD29B99E-BB66-41B9-BC2C-6396D3A62926}.Release|x86.ActiveCfg = Release|Any CPU
		{AD29B99E-BB66-41B9-BC2C-6396D3A62926}.Release|x86.Build.0 = Release|Any CPU
		{D020FA84-F787-4096-A287-81010C5A8A65}.Debug|Any CPU.ActiveCfg = Debug|Any CPU
		{D020FA84-F787-4096-A287-81010C5A8A65}.Debug|Any CPU.Build.0 = Debug|Any CPU
		{D020FA84-F787-4096-A287-81010C5A8A65}.Debug|ARM.ActiveCfg = Debug|Any CPU
		{D020FA84-F787-4096-A287-81010C5A8A65}.Debug|ARM.Build.0 = Debug|Any CPU
		{D020FA84-F787-4096-A287-81010C5A8A65}.Debug|x86.ActiveCfg = Debug|Any CPU
		{D020FA84-F787-4096-A287-81010C5A8A65}.Debug|x86.Build.0 = Debug|Any CPU
		{D020FA84-F787-4096-A287-81010C5A8A65}.OSS|Any CPU.ActiveCfg = OSS|Any CPU
		{D020FA84-F787-4096-A287-81010C5A8A65}.OSS|Any CPU.Build.0 = OSS|Any CPU
		{D020FA84-F787-4096-A287-81010C5A8A65}.OSS|ARM.ActiveCfg = OSS|Any CPU
		{D020FA84-F787-4096-A287-81010C5A8A65}.OSS|ARM.Build.0 = OSS|Any CPU
		{D020FA84-F787-4096-A287-81010C5A8A65}.OSS|x86.ActiveCfg = OSS|Any CPU
		{D020FA84-F787-4096-A287-81010C5A8A65}.OSS|x86.Build.0 = OSS|Any CPU
		{D020FA84-F787-4096-A287-81010C5A8A65}.Release|Any CPU.ActiveCfg = Release|Any CPU
		{D020FA84-F787-4096-A287-81010C5A8A65}.Release|Any CPU.Build.0 = Release|Any CPU
		{D020FA84-F787-4096-A287-81010C5A8A65}.Release|ARM.ActiveCfg = Release|Any CPU
		{D020FA84-F787-4096-A287-81010C5A8A65}.Release|ARM.Build.0 = Release|Any CPU
		{D020FA84-F787-4096-A287-81010C5A8A65}.Release|x86.ActiveCfg = Release|Any CPU
		{D020FA84-F787-4096-A287-81010C5A8A65}.Release|x86.Build.0 = Release|Any CPU
	EndGlobalSection
	GlobalSection(SolutionProperties) = preSolution
		HideSolutionNode = FALSE
	EndGlobalSection
	GlobalSection(NestedProjects) = preSolution
		{39AECF47-DED9-4A42-80C6-36EAD1D6FD50} = {25A781D8-AD81-4960-8752-93223C0059F4}
		{E1925F4E-6621-4B88-80B6-6A9FB6BA9C2E} = {5CA45A77-EB8D-4AE9-87D9-632A632BA7DE}
		{B9B5FC43-2312-4761-A9C7-79E1D3613760} = {25A781D8-AD81-4960-8752-93223C0059F4}
		{25A781D8-AD81-4960-8752-93223C0059F4} = {3645E7A8-8139-4357-BD14-39F9559754D6}
		{5CA45A77-EB8D-4AE9-87D9-632A632BA7DE} = {3645E7A8-8139-4357-BD14-39F9559754D6}
		{AD29B99E-BB66-41B9-BC2C-6396D3A62926} = {5CA45A77-EB8D-4AE9-87D9-632A632BA7DE}
		{D020FA84-F787-4096-A287-81010C5A8A65} = {5CA45A77-EB8D-4AE9-87D9-632A632BA7DE}
	EndGlobalSection
EndGlobal
